
Microsoft Visual Studio Solution File, Format Version 12.00
# Visual Studio Version 17
VisualStudioVersion = 17.13.35931.197 d17.13
MinimumVisualStudioVersion = 10.0.40219.1
Project("{FAE04EC0-301F-11D3-BF4B-00C04F79EFBC}") = "Homework2", "Homework2.csproj", "{BD0AEDD7-6C9E-410C-8340-F4C56A522D49}"
EndProject
Global
	GlobalSection(SolutionConfigurationPlatforms) = preSolution
		Debug|Any CPU = Debug|Any CPU
		Release|Any CPU = Release|Any CPU
	EndGlobalSection
	GlobalSection(ProjectConfigurationPlatforms) = postSolution
		{BD0AEDD7-6C9E-410C-8340-F4C56A522D49}.Debug|Any CPU.ActiveCfg = Debug|Any CPU
		{BD0AEDD7-6C9E-410C-8340-F4C56A522D49}.Debug|Any CPU.Build.0 = Debug|Any CPU
		{BD0AEDD7-6C9E-410C-8340-F4C56A522D49}.Release|Any CPU.ActiveCfg = Release|Any CPU
		{BD0AEDD7-6C9E-410C-8340-F4C56A522D49}.Release|Any CPU.Build.0 = Release|Any CPU
	EndGlobalSection
	GlobalSection(SolutionProperties) = preSolution
		HideSolutionNode = FALSE
	EndGlobalSection
	GlobalSection(ExtensibilityGlobals) = postSolution
		SolutionGuid = {664349EF-CEC2-427A-BCEE-6E828EC59D0B}
	EndGlobalSection
EndGlobal
