
Microsoft Visual Studio Solution File, Format Version 12.00
# Visual Studio Version 17
VisualStudioVersion = 17.13.35931.197 d17.13
MinimumVisualStudioVersion = 10.0.40219.1
Project("{FAE04EC0-301F-11D3-BF4B-00C04F79EFBC}") = "MyFirstWebApplication", "MyFirstWebApplication.csproj", "{253960B3-AA23-485A-9824-4AB194369616}"
EndProject
Global
	GlobalSection(SolutionConfigurationPlatforms) = preSolution
		Debug|Any CPU = Debug|Any CPU
		Release|Any CPU = Release|Any CPU
	EndGlobalSection
	GlobalSection(ProjectConfigurationPlatforms) = postSolution
		{253960B3-AA23-485A-9824-4AB194369616}.Debug|Any CPU.ActiveCfg = Debug|Any CPU
		{253960B3-AA23-485A-9824-4AB194369616}.Debug|Any CPU.Build.0 = Debug|Any CPU
		{253960B3-AA23-485A-9824-4AB194369616}.Release|Any CPU.ActiveCfg = Release|Any CPU
		{253960B3-AA23-485A-9824-4AB194369616}.Release|Any CPU.Build.0 = Release|Any CPU
	EndGlobalSection
	GlobalSection(SolutionProperties) = preSolution
		HideSolutionNode = FALSE
	EndGlobalSection
	GlobalSection(ExtensibilityGlobals) = postSolution
		SolutionGuid = {40CBB6CB-40C7-4D1F-BD0A-A3E6A6C62509}
	EndGlobalSection
EndGlobal
